
Microsoft Visual Studio Solution File, Format Version 12.00
# Visual Studio Version 17
VisualStudioVersion = 17.9.34723.18
MinimumVisualStudioVersion = 10.0.40219.1
Project("{FAE04EC0-301F-11D3-BF4B-00C04F79EFBC}") = "AlbaconTest.Api", "AlbaconTest.Api\AlbaconTest.Api.csproj", "{8BDFD147-FE2B-41BC-A515-0C7E0D549B82}"
EndProject
Project("{FAE04EC0-301F-11D3-BF4B-00C04F79EFBC}") = "AlbaconTest.Services", "AlbaconTest.Services\AlbaconTest.Services.csproj", "{7C109F36-AC99-4660-8E35-170623416D8E}"
EndProject
Global
	GlobalSection(SolutionConfigurationPlatforms) = preSolution
		Debug|Any CPU = Debug|Any CPU
		Release|Any CPU = Release|Any CPU
	EndGlobalSection
	GlobalSection(ProjectConfigurationPlatforms) = postSolution
		{8BDFD147-FE2B-41BC-A515-0C7E0D549B82}.Debug|Any CPU.ActiveCfg = Debug|Any CPU
		{8BDFD147-FE2B-41BC-A515-0C7E0D549B82}.Debug|Any CPU.Build.0 = Debug|Any CPU
		{8BDFD147-FE2B-41BC-A515-0C7E0D549B82}.Release|Any CPU.ActiveCfg = Release|Any CPU
		{8BDFD147-FE2B-41BC-A515-0C7E0D549B82}.Release|Any CPU.Build.0 = Release|Any CPU
		{7C109F36-AC99-4660-8E35-170623416D8E}.Debug|Any CPU.ActiveCfg = Debug|Any CPU
		{7C109F36-AC99-4660-8E35-170623416D8E}.Debug|Any CPU.Build.0 = Debug|Any CPU
		{7C109F36-AC99-4660-8E35-170623416D8E}.Release|Any CPU.ActiveCfg = Release|Any CPU
		{7C109F36-AC99-4660-8E35-170623416D8E}.Release|Any CPU.Build.0 = Release|Any CPU
	EndGlobalSection
	GlobalSection(SolutionProperties) = preSolution
		HideSolutionNode = FALSE
	EndGlobalSection
	GlobalSection(ExtensibilityGlobals) = postSolution
		SolutionGuid = {F4C6ED71-4C1D-4E6D-93D5-7E4A60C455B0}
	EndGlobalSection
EndGlobal
